// !$*UTF8*$!
{
	archiveVersion = 1;
	classes = {
	};
	objectVersion = 46;
	objects = {

/* Begin PBXBuildFile section */
		D83EDDE31A538D460058BD1D /* AppDelegate.swift in Sources */ = {isa = PBXBuildFile; fileRef = D83EDDE21A538D460058BD1D /* AppDelegate.swift */; };
		D83EDDE51A538D460058BD1D /* ViewController.swift in Sources */ = {isa = PBXBuildFile; fileRef = D83EDDE41A538D460058BD1D /* ViewController.swift */; };
		D83EDDE81A538D460058BD1D /* Main.storyboard in Resources */ = {isa = PBXBuildFile; fileRef = D83EDDE61A538D460058BD1D /* Main.storyboard */; };
		D83EDDEA1A538D460058BD1D /* Images.xcassets in Resources */ = {isa = PBXBuildFile; fileRef = D83EDDE91A538D460058BD1D /* Images.xcassets */; };
		D83EDDED1A538D460058BD1D /* LaunchScreen.xib in Resources */ = {isa = PBXBuildFile; fileRef = D83EDDEB1A538D460058BD1D /* LaunchScreen.xib */; };
		D83EDDF91A538D460058BD1D /* FirstSwiftAppTests.swift in Sources */ = {isa = PBXBuildFile; fileRef = D83EDDF81A538D460058BD1D /* FirstSwiftAppTests.swift */; };
/* End PBXBuildFile section */

/* Begin PBXContainerItemProxy section */
		D83EDDF31A538D460058BD1D /* PBXContainerItemProxy */ = {
			isa = PBXContainerItemProxy;
			containerPortal = D83EDDD51A538D460058BD1D /* Project object */;
			proxyType = 1;
			remoteGlobalIDString = D83EDDDC1A538D460058BD1D;
			remoteInfo = FirstSwiftApp;
		};
/* End PBXContainerItemProxy section */

/* Begin PBXFileReference section */
		D83EDDDD1A538D460058BD1D /* FirstSwiftApp.app */ = {isa = PBXFileReference; explicitFileType = wrapper.application; includeInIndex = 0; path = FirstSwiftApp.app; sourceTree = BUILT_PRODUCTS_DIR; };
		D83EDDE11A538D460058BD1D /* Info.plist */ = {isa = PBXFileReference; lastKnownFileType = text.plist.xml; path = Info.plist; sourceTree = "<group>"; };
		D83EDDE21A538D460058BD1D /* AppDelegate.swift */ = {isa = PBXFileReference; lastKnownFileType = sourcecode.swift; path = AppDelegate.swift; sourceTree = "<group>"; };
		D83EDDE41A538D460058BD1D /* ViewController.swift */ = {isa = PBXFileReference; lastKnownFileType = sourcecode.swift; path = ViewController.swift; sourceTree = "<group>"; };
		D83EDDE71A538D460058BD1D /* Base */ = {isa = PBXFileReference; lastKnownFileType = file.storyboard; name = Base; path = Base.lproj/Main.storyboard; sourceTree = "<group>"; };
		D83EDDE91A538D460058BD1D /* Images.xcassets */ = {isa = PBXFileReference; lastKnownFileType = folder.assetcatalog; path = Images.xcassets; sourceTree = "<group>"; };
		D83EDDEC1A538D460058BD1D /* Base */ = {isa = PBXFileReference; lastKnownFileType = file.xib; name = Base; path = Base.lproj/LaunchScreen.xib; sourceTree = "<group>"; };
		D83EDDF21A538D460058BD1D /* FirstSwiftAppTests.xctest */ = {isa = PBXFileReference; explicitFileType = wrapper.cfbundle; includeInIndex = 0; path = FirstSwiftAppTests.xctest; sourceTree = BUILT_PRODUCTS_DIR; };
		D83EDDF71A538D460058BD1D /* Info.plist */ = {isa = PBXFileReference; lastKnownFileType = text.plist.xml; path = Info.plist; sourceTree = "<group>"; };
		D83EDDF81A538D460058BD1D /* FirstSwiftAppTests.swift */ = {isa = PBXFileReference; lastKnownFileType = sourcecode.swift; path = FirstSwiftAppTests.swift; sourceTree = "<group>"; };
/* End PBXFileReference section */

/* Begin PBXFrameworksBuildPhase section */
		D83EDDDA1A538D460058BD1D /* Frameworks */ = {
			isa = PBXFrameworksBuildPhase;
			buildActionMask = 2147483647;
			files = (
			);
			runOnlyForDeploymentPostprocessing = 0;
		};
		D83EDDEF1A538D460058BD1D /* Frameworks */ = {
			isa = PBXFrameworksBuildPhase;
			buildActionMask = 2147483647;
			files = (
			);
			runOnlyForDeploymentPostprocessing = 0;
		};
/* End PBXFrameworksBuildPhase section */

/* Begin PBXGroup section */
		D83EDDD41A538D460058BD1D = {
			isa = PBXGroup;
			children = (
				D83EDDDF1A538D460058BD1D /* FirstSwiftApp */,
				D83EDDF51A538D460058BD1D /* FirstSwiftAppTests */,
				D83EDDDE1A538D460058BD1D /* Products */,
			);
			sourceTree = "<group>";
		};
		D83EDDDE1A538D460058BD1D /* Products */ = {
			isa = PBXGroup;
			children = (
				D83EDDDD1A538D460058BD1D /* FirstSwiftApp.app */,
				D83EDDF21A538D460058BD1D /* FirstSwiftAppTests.xctest */,
			);
			name = Products;
			sourceTree = "<group>";
		};
		D83EDDDF1A538D460058BD1D /* FirstSwiftApp */ = {
			isa = PBXGroup;
			children = (
				D83EDDE21A538D460058BD1D /* AppDelegate.swift */,
				D83EDDE41A538D460058BD1D /* ViewController.swift */,
				D83EDDE61A538D460058BD1D /* Main.storyboard */,
				D83EDDE91A538D460058BD1D /* Images.xcassets */,
				D83EDDEB1A538D460058BD1D /* LaunchScreen.xib */,
				D83EDDE01A538D460058BD1D /* Supporting Files */,
			);
			path = FirstSwiftApp;
			sourceTree = "<group>";
		};
		D83EDDE01A538D460058BD1D /* Supporting Files */ = {
			isa = PBXGroup;
			children = (
				D83EDDE11A538D460058BD1D /* Info.plist */,
			);
			name = "Supporting Files";
			sourceTree = "<group>";
		};
		D83EDDF51A538D460058BD1D /* FirstSwiftAppTests */ = {
			isa = PBXGroup;
			children = (
				D83EDDF81A538D460058BD1D /* FirstSwiftAppTests.swift */,
				D83EDDF61A538D460058BD1D /* Supporting Files */,
			);
			path = FirstSwiftAppTests;
			sourceTree = "<group>";
		};
		D83EDDF61A538D460058BD1D /* Supporting Files */ = {
			isa = PBXGroup;
			children = (
				D83EDDF71A538D460058BD1D /* Info.plist */,
			);
			name = "Supporting Files";
			sourceTree = "<group>";
		};
/* End PBXGroup section */

/* Begin PBXNativeTarget section */
		D83EDDDC1A538D460058BD1D /* FirstSwiftApp */ = {
			isa = PBXNativeTarget;
			buildConfigurationList = D83EDDFC1A538D460058BD1D /* Build configuration list for PBXNativeTarget "FirstSwiftApp" */;
			buildPhases = (
				D83EDDD91A538D460058BD1D /* Sources */,
				D83EDDDA1A538D460058BD1D /* Frameworks */,
				D83EDDDB1A538D460058BD1D /* Resources */,
			);
			buildRules = (
			);
			dependencies = (
			);
			name = FirstSwiftApp;
			productName = FirstSwiftApp;
			productReference = D83EDDDD1A538D460058BD1D /* FirstSwiftApp.app */;
			productType = "com.apple.product-type.application";
		};
		D83EDDF11A538D460058BD1D /* FirstSwiftAppTests */ = {
			isa = PBXNativeTarget;
			buildConfigurationList = D83EDDFF1A538D460058BD1D /* Build configuration list for PBXNativeTarget "FirstSwiftAppTests" */;
			buildPhases = (
				D83EDDEE1A538D460058BD1D /* Sources */,
				D83EDDEF1A538D460058BD1D /* Frameworks */,
				D83EDDF01A538D460058BD1D /* Resources */,
			);
			buildRules = (
			);
			dependencies = (
				D83EDDF41A538D460058BD1D /* PBXTargetDependency */,
			);
			name = FirstSwiftAppTests;
			productName = FirstSwiftAppTests;
			productReference = D83EDDF21A538D460058BD1D /* FirstSwiftAppTests.xctest */;
			productType = "com.apple.product-type.bundle.unit-test";
		};
/* End PBXNativeTarget section */

/* Begin PBXProject section */
		D83EDDD51A538D460058BD1D /* Project object */ = {
			isa = PBXProject;
			attributes = {
				LastUpgradeCheck = 0610;
				ORGANIZATIONNAME = "Shicheng XU";
				TargetAttributes = {
					D83EDDDC1A538D460058BD1D = {
						CreatedOnToolsVersion = 6.1.1;
					};
					D83EDDF11A538D460058BD1D = {
						CreatedOnToolsVersion = 6.1.1;
						TestTargetID = D83EDDDC1A538D460058BD1D;
					};
				};
			};
			buildConfigurationList = D83EDDD81A538D460058BD1D /* Build configuration list for PBXProject "FirstSwiftApp" */;
			compatibilityVersion = "Xcode 3.2";
			developmentRegion = English;
			hasScannedForEncodings = 0;
			knownRegions = (
				en,
				Base,
			);
			mainGroup = D83EDDD41A538D460058BD1D;
			productRefGroup = D83EDDDE1A538D460058BD1D /* Products */;
			projectDirPath = "";
			projectRoot = "";
			targets = (
				D83EDDDC1A538D460058BD1D /* FirstSwiftApp */,
				D83EDDF11A538D460058BD1D /* FirstSwiftAppTests */,
			);
		};
/* End PBXProject section */

/* Begin PBXResourcesBuildPhase section */
		D83EDDDB1A538D460058BD1D /* Resources */ = {
			isa = PBXResourcesBuildPhase;
			buildActionMask = 2147483647;
			files = (
				D83EDDE81A538D460058BD1D /* Main.storyboard in Resources */,
				D83EDDED1A538D460058BD1D /* LaunchScreen.xib in Resources */,
				D83EDDEA1A538D460058BD1D /* Images.xcassets in Resources */,
			);
			runOnlyForDeploymentPostprocessing = 0;
		};
		D83EDDF01A538D460058BD1D /* Resources */ = {
			isa = PBXResourcesBuildPhase;
			buildActionMask = 2147483647;
			files = (
			);
			runOnlyForDeploymentPostprocessing = 0;
		};
/* End PBXResourcesBuildPhase section */

/* Begin PBXSourcesBuildPhase section */
		D83EDDD91A538D460058BD1D /* Sources */ = {
			isa = PBXSourcesBuildPhase;
			buildActionMask = 2147483647;
			files = (
				D83EDDE51A538D460058BD1D /* ViewController.swift in Sources */,
				D83EDDE31A538D460058BD1D /* AppDelegate.swift in Sources */,
			);
			runOnlyForDeploymentPostprocessing = 0;
		};
		D83EDDEE1A538D460058BD1D /* Sources */ = {
			isa = PBXSourcesBuildPhase;
			buildActionMask = 2147483647;
			files = (
				D83EDDF91A538D460058BD1D /* FirstSwiftAppTests.swift in Sources */,
			);
			runOnlyForDeploymentPostprocessing = 0;
		};
/* End PBXSourcesBuildPhase section */

/* Begin PBXTargetDependency section */
		D83EDDF41A538D460058BD1D /* PBXTargetDependency */ = {
			isa = PBXTargetDependency;
			target = D83EDDDC1A538D460058BD1D /* FirstSwiftApp */;
			targetProxy = D83EDDF31A538D460058BD1D /* PBXContainerItemProxy */;
		};
/* End PBXTargetDependency section */

/* Begin PBXVariantGroup section */
		D83EDDE61A538D460058BD1D /* Main.storyboard */ = {
			isa = PBXVariantGroup;
			children = (
				D83EDDE71A538D460058BD1D /* Base */,
			);
			name = Main.storyboard;
			sourceTree = "<group>";
		};
		D83EDDEB1A538D460058BD1D /* LaunchScreen.xib */ = {
			isa = PBXVariantGroup;
			children = (
				D83EDDEC1A538D460058BD1D /* Base */,
			);
			name = LaunchScreen.xib;
			sourceTree = "<group>";
		};
/* End PBXVariantGroup section */

/* Begin XCBuildConfiguration section */
		D83EDDFA1A538D460058BD1D /* Debug */ = {
			isa = XCBuildConfiguration;
			buildSettings = {
				ALWAYS_SEARCH_USER_PATHS = NO;
				CLANG_CXX_LANGUAGE_STANDARD = "gnu++0x";
				CLANG_CXX_LIBRARY = "libc++";
				CLANG_ENABLE_MODULES = YES;
				CLANG_ENABLE_OBJC_ARC = YES;
				CLANG_WARN_BOOL_CONVERSION = YES;
				CLANG_WARN_CONSTANT_CONVERSION = YES;
				CLANG_WARN_DIRECT_OBJC_ISA_USAGE = YES_ERROR;
				CLANG_WARN_EMPTY_BODY = YES;
				CLANG_WARN_ENUM_CONVERSION = YES;
				CLANG_WARN_INT_CONVERSION = YES;
				CLANG_WARN_OBJC_ROOT_CLASS = YES_ERROR;
				CLANG_WARN_UNREACHABLE_CODE = YES;
				CLANG_WARN__DUPLICATE_METHOD_MATCH = YES;
				"CODE_SIGN_IDENTITY[sdk=iphoneos*]" = "iPhone Developer";
				COPY_PHASE_STRIP = NO;
				ENABLE_STRICT_OBJC_MSGSEND = YES;
				GCC_C_LANGUAGE_STANDARD = gnu99;
				GCC_DYNAMIC_NO_PIC = NO;
				GCC_OPTIMIZATION_LEVEL = 0;
				GCC_PREPROCESSOR_DEFINITIONS = (
					"DEBUG=1",
					"$(inherited)",
				);
				GCC_SYMBOLS_PRIVATE_EXTERN = NO;
				GCC_WARN_64_TO_32_BIT_CONVERSION = YES;
				GCC_WARN_ABOUT_RETURN_TYPE = YES_ERROR;
				GCC_WARN_UNDECLARED_SELECTOR = YES;
				GCC_WARN_UNINITIALIZED_AUTOS = YES_AGGRESSIVE;
				GCC_WARN_UNUSED_FUNCTION = YES;
				GCC_WARN_UNUSED_VARIABLE = YES;
				IPHONEOS_DEPLOYMENT_TARGET = 8.1;
				MTL_ENABLE_DEBUG_INFO = YES;
				ONLY_ACTIVE_ARCH = YES;
				SDKROOT = iphoneos;
				SWIFT_OPTIMIZATION_LEVEL = "-Onone";
				TARGETED_DEVICE_FAMILY = "1,2";
			};
			name = Debug;
		};
		D83EDDFB1A538D460058BD1D /* Release */ = {
			isa = XCBuildConfiguration;
			buildSettings = {
				ALWAYS_SEARCH_USER_PATHS = NO;
				CLANG_CXX_LANGUAGE_STANDARD = "gnu++0x";
				CLANG_CXX_LIBRARY = "libc++";
				CLANG_ENABLE_MODULES = YES;
				CLANG_ENABLE_OBJC_ARC = YES;
				CLANG_WARN_BOOL_CONVERSION = YES;
				CLANG_WARN_CONSTANT_CONVERSION = YES;
				CLANG_WARN_DIRECT_OBJC_ISA_USAGE = YES_ERROR;
				CLANG_WARN_EMPTY_BODY = YES;
				CLANG_WARN_ENUM_CONVERSION = YES;
				CLANG_WARN_INT_CONVERSION = YES;
				CLANG_WARN_OBJC_ROOT_CLASS = YES_ERROR;
				CLANG_WARN_UNREACHABLE_CODE = YES;
				CLANG_WARN__DUPLICATE_METHOD_MATCH = YES;
				"CODE_SIGN_IDENTITY[sdk=iphoneos*]" = "iPhone Developer";
				COPY_PHASE_STRIP = YES;
				ENABLE_NS_ASSERTIONS = NO;
				ENABLE_STRICT_OBJC_MSGSEND = YES;
				GCC_C_LANGUAGE_STANDARD = gnu99;
				GCC_WARN_64_TO_32_BIT_CONVERSION = YES;
				GCC_WARN_ABOUT_RETURN_TYPE = YES_ERROR;
				GCC_WARN_UNDECLARED_SELECTOR = YES;
				GCC_WARN_UNINITIALIZED_AUTOS = YES_AGGRESSIVE;
				GCC_WARN_UNUSED_FUNCTION = YES;
				GCC_WARN_UNUSED_VARIABLE = YES;
				IPHONEOS_DEPLOYMENT_TARGET = 8.1;
				MTL_ENABLE_DEBUG_INFO = NO;
				SDKROOT = iphoneos;
				TARGETED_DEVICE_FAMILY = "1,2";
				VALIDATE_PRODUCT = YES;
			};
			name = Release;
		};
		D83EDDFD1A538D460058BD1D /* Debug */ = {
			isa = XCBuildConfiguration;
			buildSettings = {
				ASSETCATALOG_COMPILER_APPICON_NAME = AppIcon;
				INFOPLIST_FILE = FirstSwiftApp/Info.plist;
				LD_RUNPATH_SEARCH_PATHS = "$(inherited) @executable_path/Frameworks";
				PRODUCT_NAME = "$(TARGET_NAME)";
			};
			name = Debug;
		};
		D83EDDFE1A538D460058BD1D /* Release */ = {
			isa = XCBuildConfiguration;
			buildSettings = {
				ASSETCATALOG_COMPILER_APPICON_NAME = AppIcon;
				INFOPLIST_FILE = FirstSwiftApp/Info.plist;
				LD_RUNPATH_SEARCH_PATHS = "$(inherited) @executable_path/Frameworks";
				PRODUCT_NAME = "$(TARGET_NAME)";
			};
			name = Release;
		};
		D83EDE001A538D460058BD1D /* Debug */ = {
			isa = XCBuildConfiguration;
			buildSettings = {
				BUNDLE_LOADER = "$(TEST_HOST)";
				FRAMEWORK_SEARCH_PATHS = (
					"$(SDKROOT)/Developer/Library/Frameworks",
					"$(inherited)",
				);
				GCC_PREPROCESSOR_DEFINITIONS = (
					"DEBUG=1",
					"$(inherited)",
				);
				INFOPLIST_FILE = FirstSwiftAppTests/Info.plist;
				LD_RUNPATH_SEARCH_PATHS = "$(inherited) @executable_path/Frameworks @loader_path/Frameworks";
				PRODUCT_NAME = "$(TARGET_NAME)";
				TEST_HOST = "$(BUILT_PRODUCTS_DIR)/FirstSwiftApp.app/FirstSwiftApp";
			};
			name = Debug;
		};
		D83EDE011A538D460058BD1D /* Release */ = {
			isa = XCBuildConfiguration;
			buildSettings = {
				BUNDLE_LOADER = "$(TEST_HOST)";
				FRAMEWORK_SEARCH_PATHS = (
					"$(SDKROOT)/Developer/Library/Frameworks",
					"$(inherited)",
				);
				INFOPLIST_FILE = FirstSwiftAppTests/Info.plist;
				LD_RUNPATH_SEARCH_PATHS = "$(inherited) @executable_path/Frameworks @loader_path/Frameworks";
				PRODUCT_NAME = "$(TARGET_NAME)";
				TEST_HOST = "$(BUILT_PRODUCTS_DIR)/FirstSwiftApp.app/FirstSwiftApp";
			};
			name = Release;
		};
/* End XCBuildConfiguration section */

/* Begin XCConfigurationList section */
		D83EDDD81A538D460058BD1D /* Build configuration list for PBXProject "FirstSwiftApp" */ = {
			isa = XCConfigurationList;
			buildConfigurations = (
				D83EDDFA1A538D460058BD1D /* Debug */,
				D83EDDFB1A538D460058BD1D /* Release */,
			);
			defaultConfigurationIsVisible = 0;
			defaultConfigurationName = Release;
		};
		D83EDDFC1A538D460058BD1D /* Build configuration list for PBXNativeTarget "FirstSwiftApp" */ = {
			isa = XCConfigurationList;
			buildConfigurations = (
				D83EDDFD1A538D460058BD1D /* Debug */,
				D83EDDFE1A538D460058BD1D /* Release */,
			);
			defaultConfigurationIsVisible = 0;
		};
		D83EDDFF1A538D460058BD1D /* Build configuration list for PBXNativeTarget "FirstSwiftAppTests" */ = {
			isa = XCConfigurationList;
			buildConfigurations = (
				D83EDE001A538D460058BD1D /* Debug */,
				D83EDE011A538D460058BD1D /* Release */,
			);
			defaultConfigurationIsVisible = 0;
		};
/* End XCConfigurationList section */
	};
	rootObject = D83EDDD51A538D460058BD1D /* Project object */;
}
